
Microsoft Visual Studio Solution File, Format Version 12.00
# Visual Studio Version 16
VisualStudioVersion = 16.0.30406.217
MinimumVisualStudioVersion = 10.0.40219.1
Project("{FAE04EC0-301F-11D3-BF4B-00C04F79EFBC}") = "Test2", "Test2\Test2.csproj", "{968DA9C2-AC8D-4327-B2D3-DAE202D0FED8}"
EndProject
Global
	GlobalSection(SolutionConfigurationPlatforms) = preSolution
		Debug|Any CPU = Debug|Any CPU
		Release|Any CPU = Release|Any CPU
	EndGlobalSection
	GlobalSection(ProjectConfigurationPlatforms) = postSolution
		{968DA9C2-AC8D-4327-B2D3-DAE202D0FED8}.Debug|Any CPU.ActiveCfg = Debug|Any CPU
		{968DA9C2-AC8D-4327-B2D3-DAE202D0FED8}.Debug|Any CPU.Build.0 = Debug|Any CPU
		{968DA9C2-AC8D-4327-B2D3-DAE202D0FED8}.Release|Any CPU.ActiveCfg = Release|Any CPU
		{968DA9C2-AC8D-4327-B2D3-DAE202D0FED8}.Release|Any CPU.Build.0 = Release|Any CPU
	EndGlobalSection
	GlobalSection(SolutionProperties) = preSolution
		HideSolutionNode = FALSE
	EndGlobalSection
	GlobalSection(ExtensibilityGlobals) = postSolution
		SolutionGuid = {D40F8CB8-69B9-46A1-8941-95433610142F}
	EndGlobalSection
EndGlobal
